
Microsoft Visual Studio Solution File, Format Version 12.00
# Visual Studio Version 17
VisualStudioVersion = 17.11.35312.102
MinimumVisualStudioVersion = 10.0.40219.1
Project("{FAE04EC0-301F-11D3-BF4B-00C04F79EFBC}") = "LeoKitchenFasti", "LeoKitchenFasti\LeoKitchenFasti.csproj", "{CFCDCA83-6E09-4BC4-B411-3B8EC8C3ED45}"
EndProject
Global
	GlobalSection(SolutionConfigurationPlatforms) = preSolution
		Debug|Any CPU = Debug|Any CPU
		Release|Any CPU = Release|Any CPU
	EndGlobalSection
	GlobalSection(ProjectConfigurationPlatforms) = postSolution
		{CFCDCA83-6E09-4BC4-B411-3B8EC8C3ED45}.Debug|Any CPU.ActiveCfg = Debug|Any CPU
		{CFCDCA83-6E09-4BC4-B411-3B8EC8C3ED45}.Debug|Any CPU.Build.0 = Debug|Any CPU
		{CFCDCA83-6E09-4BC4-B411-3B8EC8C3ED45}.Release|Any CPU.ActiveCfg = Release|Any CPU
		{CFCDCA83-6E09-4BC4-B411-3B8EC8C3ED45}.Release|Any CPU.Build.0 = Release|Any CPU
	EndGlobalSection
	GlobalSection(SolutionProperties) = preSolution
		HideSolutionNode = FALSE
	EndGlobalSection
	GlobalSection(ExtensibilityGlobals) = postSolution
		SolutionGuid = {1D269061-142D-478D-B1FF-F38B63B89BCD}
	EndGlobalSection
EndGlobal
